PODS:
  - BHWeatherControl (1.1.0)

DEPENDENCIES:
  - BHWeatherControl (from `https://github.com/GodriXx/BHWeatherControl.git`)

EXTERNAL SOURCES:
  BHWeatherControl:
    :git: https://github.com/GodriXx/BHWeatherControl.git

CHECKOUT OPTIONS:
  BHWeatherControl:
    :commit: 7f2c0e5bc7535309fe52676706ee085fef843705
    :git: https://github.com/GodriXx/BHWeatherControl.git

SPEC CHECKSUMS:
  BHWeatherControl: c9fbcd8c00fe3ee422f2c045a1ca7cd026d86751

PODFILE CHECKSUM: 589c0d7b1e3c93285ed96ef56ff566ff7597b8c6

COCOAPODS: 1.8.3
